
Microsoft Visual Studio Solution File, Format Version 12.00
# Visual Studio 15
VisualStudioVersion = 15.0.28307.136
MinimumVisualStudioVersion = 10.0.40219.1
Project("{9A19103F-16F7-4668-BE54-9A1E7A4F7556}") = "AspNetCoreStarter", "src\AspNetCoreStarter\AspNetCoreStarter.csproj", "{B417DD2F-7807-4346-8FAF-BE12C7864B88}"
EndProject
Project("{FAE04EC0-301F-11D3-BF4B-00C04F79EFBC}") = "AspNetCoreStarter.Tests", "tests\AspNetCoreStarter.Tests\AspNetCoreStarter.Tests.csproj", "{1C6F9B88-4F9D-4C76-8F90-1FD09B5A42B2}"
EndProject
Global
	GlobalSection(SolutionConfigurationPlatforms) = preSolution
		Debug|Any CPU = Debug|Any CPU
		Release|Any CPU = Release|Any CPU
	EndGlobalSection
	GlobalSection(ProjectConfigurationPlatforms) = postSolution
		{B417DD2F-7807-4346-8FAF-BE12C7864B88}.Debug|Any CPU.ActiveCfg = Debug|Any CPU
		{B417DD2F-7807-4346-8FAF-BE12C7864B88}.Debug|Any CPU.Build.0 = Debug|Any CPU
		{B417DD2F-7807-4346-8FAF-BE12C7864B88}.Release|Any CPU.ActiveCfg = Release|Any CPU
		{B417DD2F-7807-4346-8FAF-BE12C7864B88}.Release|Any CPU.Build.0 = Release|Any CPU
		{1C6F9B88-4F9D-4C76-8F90-1FD09B5A42B2}.Debug|Any CPU.ActiveCfg = Debug|Any CPU
		{1C6F9B88-4F9D-4C76-8F90-1FD09B5A42B2}.Debug|Any CPU.Build.0 = Debug|Any CPU
		{1C6F9B88-4F9D-4C76-8F90-1FD09B5A42B2}.Release|Any CPU.ActiveCfg = Release|Any CPU
		{1C6F9B88-4F9D-4C76-8F90-1FD09B5A42B2}.Release|Any CPU.Build.0 = Release|Any CPU
	EndGlobalSection
	GlobalSection(SolutionProperties) = preSolution
		HideSolutionNode = FALSE
	EndGlobalSection
	GlobalSection(ExtensibilityGlobals) = postSolution
		SolutionGuid = {9629C083-F19A-4C12-AC87-EF96F657D48C}
	EndGlobalSection
EndGlobal
